
Microsoft Visual Studio Solution File, Format Version 12.00
Project("{FAE04EC0-301F-11D3-BF4B-00C04F79EFBC}") = "ssh client", "ssh client\ssh client.csproj", "{A1AEC3C8-BF3C-4581-9D43-261A6695CE09}"
EndProject
Global
	GlobalSection(SolutionConfigurationPlatforms) = preSolution
		Debug|Any CPU = Debug|Any CPU
		Release|Any CPU = Release|Any CPU
	EndGlobalSection
	GlobalSection(ProjectConfigurationPlatforms) = postSolution
		{A1AEC3C8-BF3C-4581-9D43-261A6695CE09}.Debug|Any CPU.ActiveCfg = Debug|Any CPU
		{A1AEC3C8-BF3C-4581-9D43-261A6695CE09}.Debug|Any CPU.Build.0 = Debug|Any CPU
		{A1AEC3C8-BF3C-4581-9D43-261A6695CE09}.Release|Any CPU.ActiveCfg = Release|Any CPU
		{A1AEC3C8-BF3C-4581-9D43-261A6695CE09}.Release|Any CPU.Build.0 = Release|Any CPU
	EndGlobalSection
EndGlobal
